# This file was autogenerated by Stack.
# You should not edit this file by hand.
# For more information, please see the documentation at:
#   https://docs.haskellstack.org/en/stable/lock_files

snapshots:
- original: lts-16.12
  completed:
    sha256: f914cfa23fef85bdf895e300a8234d9d0edc2dbec67f4bc9c53f85867c50eab6
    url: https://raw.githubusercontent.com/commercialhaskell/stackage-snapshots/master/lts/16/12.yaml
    size: 532377
packages:
- original:
    hackage: chakra-0.1.0
  completed:
    pantry-tree:
      sha256: 73b19df9ef57929ab1ab5a5221309f9b2b8da99b5c958eb68ec9c3b61db0e08d
      size: 1050
    hackage: chakra-0.1.0@sha256:bb6194d477ccbbf21ec6a72fb2ccdae34fef39e9e50dbf9502a9e89c584d0ba2,4848
- original:
    git: https://github.com/cackharot/wai-cli.git
    commit: 73359e0efbe7982eecbf843f8638ffdbede324f0
  completed:
    pantry-tree:
      sha256: 9bd1cc82260bb6fe775578906b65536ae75df17bee85003e151ec2e089a7987d
      size: 550
    version: 0.2.2
    git: https://github.com/cackharot/wai-cli.git
    name: wai-cli
    commit: 73359e0efbe7982eecbf843f8638ffdbede324f0
- original:
    hackage: prometheus-metrics-ghc-1.0.1.1
  completed:
    pantry-tree:
      sha256: 0732085a4148b269bbc15eeb7ab422e65ac287878a42a7388a7b6e140ec740e5
      size: 293
    hackage: prometheus-metrics-ghc-1.0.1.1@sha256:d378a7186a967140fe0e09d325fe5e3bfd7b77a1123934b40f81fdfed2eacbdc,1233
- original:
    hackage: wai-middleware-prometheus-1.0.0
  completed:
    pantry-tree:
      sha256: 6d64803c639ed4c7204ea6fab0536b97d3ee16cdecb9b4a883cd8e56d3c61402
      size: 307
    hackage: wai-middleware-prometheus-1.0.0@sha256:1625792914fb2139f005685be8ce519111451cfb854816e430fbf54af46238b4,1314
- original:
    hackage: servant-auth-0.4.0.0
  completed:
    pantry-tree:
      sha256: b08b3042bcec9884ea80098ef0f528be166c5ddcea9651c1fe70b3f584b015c7
      size: 332
    hackage: servant-auth-0.4.0.0@sha256:f913100ce607365e37570d08e8c72e48dce8789950f92f4fd9c689eac8af00c3,2185
- original:
    hackage: servant-auth-server-0.4.6.0
  completed:
    pantry-tree:
      sha256: 7fad68f290c5933e88bf6ed0da2b4cdcd6b9a43fdf71dea571c0dee0ace51da8
      size: 1376
    hackage: servant-auth-server-0.4.6.0@sha256:dc376c76780259cb8d4850179bb456c3fcd057a97c62e260214b7111b4755a45,5254
- original:
    hackage: servant-server-0.18.2
  completed:
    pantry-tree:
      sha256: f68f20871f9e36b0fe9a6496d33293a662054b2402c78ac5807c4ad407330cd2
      size: 2614
    hackage: servant-server-0.18.2@sha256:8d70dc82700e84928be269328ed87551db865165ab0cf4f9ebc167c26e161876,5665
- original:
    hackage: servant-0.18.2
  completed:
    pantry-tree:
      sha256: 89203ad8f8f77e6a4ba5b0686804245243307f36e79841d727c2e4a412c2c3d8
      size: 2662
    hackage: servant-0.18.2@sha256:709b9e0a4ceea893a98d9a6bf3835763427a6b8366c222599167ed84e41ae838,5484
